
Microsoft Visual Studio Solution File, Format Version 12.00
# Visual Studio Version 16
VisualStudioVersion = 16.0.31105.61
MinimumVisualStudioVersion = 10.0.40219.1
Project("{9A19103F-16F7-4668-BE54-9A1E7A4F7556}") = "Application", "Application\Application.csproj", "{E8648DA8-3168-43F1-ADF9-77F134BAC457}"
EndProject
Project("{9A19103F-16F7-4668-BE54-9A1E7A4F7556}") = "Domain", "Domain\Domain.csproj", "{B729B73F-316D-4EB6-99C8-F306B14BE67A}"
EndProject
Project("{9A19103F-16F7-4668-BE54-9A1E7A4F7556}") = "Infrastructure", "Infrastructure\Infrastructure.csproj", "{4F88CEED-F778-4002-838B-26639AC92CA1}"
EndProject
Project("{9A19103F-16F7-4668-BE54-9A1E7A4F7556}") = "Persistance", "Persistance\Persistance.csproj", "{11166DD6-4BE3-4AC9-8BBC-281894CCF07A}"
EndProject
Project("{9A19103F-16F7-4668-BE54-9A1E7A4F7556}") = "WebApi", "WebApi\WebApi.csproj", "{D5BB6A2A-E46D-4A1F-B746-465992584CBD}"
EndProject
Global
	GlobalSection(SolutionConfigurationPlatforms) = preSolution
		Debug|Any CPU = Debug|Any CPU
		Release|Any CPU = Release|Any CPU
	EndGlobalSection
	GlobalSection(ProjectConfigurationPlatforms) = postSolution
		{E8648DA8-3168-43F1-ADF9-77F134BAC457}.Debug|Any CPU.ActiveCfg = Debug|Any CPU
		{E8648DA8-3168-43F1-ADF9-77F134BAC457}.Debug|Any CPU.Build.0 = Debug|Any CPU
		{E8648DA8-3168-43F1-ADF9-77F134BAC457}.Release|Any CPU.ActiveCfg = Release|Any CPU
		{E8648DA8-3168-43F1-ADF9-77F134BAC457}.Release|Any CPU.Build.0 = Release|Any CPU
		{B729B73F-316D-4EB6-99C8-F306B14BE67A}.Debug|Any CPU.ActiveCfg = Debug|Any CPU
		{B729B73F-316D-4EB6-99C8-F306B14BE67A}.Debug|Any CPU.Build.0 = Debug|Any CPU
		{B729B73F-316D-4EB6-99C8-F306B14BE67A}.Release|Any CPU.ActiveCfg = Release|Any CPU
		{B729B73F-316D-4EB6-99C8-F306B14BE67A}.Release|Any CPU.Build.0 = Release|Any CPU
		{4F88CEED-F778-4002-838B-26639AC92CA1}.Debug|Any CPU.ActiveCfg = Debug|Any CPU
		{4F88CEED-F778-4002-838B-26639AC92CA1}.Debug|Any CPU.Build.0 = Debug|Any CPU
		{4F88CEED-F778-4002-838B-26639AC92CA1}.Release|Any CPU.ActiveCfg = Release|Any CPU
		{4F88CEED-F778-4002-838B-26639AC92CA1}.Release|Any CPU.Build.0 = Release|Any CPU
		{11166DD6-4BE3-4AC9-8BBC-281894CCF07A}.Debug|Any CPU.ActiveCfg = Debug|Any CPU
		{11166DD6-4BE3-4AC9-8BBC-281894CCF07A}.Debug|Any CPU.Build.0 = Debug|Any CPU
		{11166DD6-4BE3-4AC9-8BBC-281894CCF07A}.Release|Any CPU.ActiveCfg = Release|Any CPU
		{11166DD6-4BE3-4AC9-8BBC-281894CCF07A}.Release|Any CPU.Build.0 = Release|Any CPU
		{D5BB6A2A-E46D-4A1F-B746-465992584CBD}.Debug|Any CPU.ActiveCfg = Debug|Any CPU
		{D5BB6A2A-E46D-4A1F-B746-465992584CBD}.Debug|Any CPU.Build.0 = Debug|Any CPU
		{D5BB6A2A-E46D-4A1F-B746-465992584CBD}.Release|Any CPU.ActiveCfg = Release|Any CPU
		{D5BB6A2A-E46D-4A1F-B746-465992584CBD}.Release|Any CPU.Build.0 = Release|Any CPU
	EndGlobalSection
	GlobalSection(SolutionProperties) = preSolution
		HideSolutionNode = FALSE
	EndGlobalSection
	GlobalSection(ExtensibilityGlobals) = postSolution
		SolutionGuid = {D801EB1E-7E7B-4B02-BA9C-73C52C5B30BF}
	EndGlobalSection
EndGlobal
